{
  "name": "vm-server",
  "requires": true,
  "lockfileVersion": 1,
  "dependencies": {
    "vm2": {
      "version": "3.6.2",
      "resolved": "https://registry.npmjs.org/vm2/-/vm2-3.6.2.tgz",
      "integrity": "sha512-oeMJR6bCkxjjW9DKtKzzO+I2B1AnsHtPiaidxGATu6z7tInRf/AFS3tKMibn6ZttKDN7E4kVp+AaRSX8qImtfg=="
    }
  }
}
